// !$*UTF8*$!
{
	archiveVersion = 1;
	classes = {
	};
	objectVersion = 46;
	objects = {

/* Begin PBXBuildFile section */
		E436F7E21EC8F3B1007246D9 /* AppDelegate.swift in Sources */ = {isa = PBXBuildFile; fileRef = E436F7E11EC8F3B1007246D9 /* AppDelegate.swift */; };
		E436F7E41EC8F3B1007246D9 /* GameScene.sks in Resources */ = {isa = PBXBuildFile; fileRef = E436F7E31EC8F3B1007246D9 /* GameScene.sks */; };
		E436F7E61EC8F3B1007246D9 /* Actions.sks in Resources */ = {isa = PBXBuildFile; fileRef = E436F7E51EC8F3B1007246D9 /* Actions.sks */; };
		E436F7E81EC8F3B1007246D9 /* GameScene.swift in Sources */ = {isa = PBXBuildFile; fileRef = E436F7E71EC8F3B1007246D9 /* GameScene.swift */; };
		E436F7EA1EC8F3B1007246D9 /* GameViewController.swift in Sources */ = {isa = PBXBuildFile; fileRef = E436F7E91EC8F3B1007246D9 /* GameViewController.swift */; };
		E436F7ED1EC8F3B1007246D9 /* Main.storyboard in Resources */ = {isa = PBXBuildFile; fileRef = E436F7EB1EC8F3B1007246D9 /* Main.storyboard */; };
		E436F7F21EC8F3B1007246D9 /* LaunchScreen.storyboard in Resources */ = {isa = PBXBuildFile; fileRef = E436F7F01EC8F3B1007246D9 /* LaunchScreen.storyboard */; };
		E49570C41ECE8C3D000B4787 /* StoreKit.framework in Frameworks */ = {isa = PBXBuildFile; fileRef = E49570C31ECE8C3D000B4787 /* StoreKit.framework */; };
		E49B57B31EC954E80065C718 /* Assets.xcassets in Resources */ = {isa = PBXBuildFile; fileRef = E49B57B21EC954E80065C718 /* Assets.xcassets */; };
/* End PBXBuildFile section */

/* Begin PBXFileReference section */
		E436F7DE1EC8F3B1007246D9 /* FidgetSpinner.app */ = {isa = PBXFileReference; explicitFileType = wrapper.application; includeInIndex = 0; path = FidgetSpinner.app; sourceTree = BUILT_PRODUCTS_DIR; };
		E436F7E11EC8F3B1007246D9 /* AppDelegate.swift */ = {isa = PBXFileReference; lastKnownFileType = sourcecode.swift; path = AppDelegate.swift; sourceTree = "<group>"; };
		E436F7E31EC8F3B1007246D9 /* GameScene.sks */ = {isa = PBXFileReference; lastKnownFileType = file.sks; path = GameScene.sks; sourceTree = "<group>"; };
		E436F7E51EC8F3B1007246D9 /* Actions.sks */ = {isa = PBXFileReference; lastKnownFileType = file.sks; path = Actions.sks; sourceTree = "<group>"; };
		E436F7E71EC8F3B1007246D9 /* GameScene.swift */ = {isa = PBXFileReference; lastKnownFileType = sourcecode.swift; path = GameScene.swift; sourceTree = "<group>"; };
		E436F7E91EC8F3B1007246D9 /* GameViewController.swift */ = {isa = PBXFileReference; lastKnownFileType = sourcecode.swift; path = GameViewController.swift; sourceTree = "<group>"; };
		E436F7EC1EC8F3B1007246D9 /* Base */ = {isa = PBXFileReference; lastKnownFileType = file.storyboard; name = Base; path = Base.lproj/Main.storyboard; sourceTree = "<group>"; };
		E436F7F11EC8F3B1007246D9 /* Base */ = {isa = PBXFileReference; lastKnownFileType = file.storyboard; name = Base; path = Base.lproj/LaunchScreen.storyboard; sourceTree = "<group>"; };
		E436F7F31EC8F3B2007246D9 /* Info.plist */ = {isa = PBXFileReference; lastKnownFileType = text.plist.xml; path = Info.plist; sourceTree = "<group>"; };
		E49570C31ECE8C3D000B4787 /* StoreKit.framework */ = {isa = PBXFileReference; lastKnownFileType = wrapper.framework; name = StoreKit.framework; path = System/Library/Frameworks/StoreKit.framework; sourceTree = SDKROOT; };
		E49B57B21EC954E80065C718 /* Assets.xcassets */ = {isa = PBXFileReference; lastKnownFileType = folder.assetcatalog; path = Assets.xcassets; sourceTree = "<group>"; };
/* End PBXFileReference section */

/* Begin PBXFrameworksBuildPhase section */
		E436F7DB1EC8F3B1007246D9 /* Frameworks */ = {
			isa = PBXFrameworksBuildPhase;
			buildActionMask = 2147483647;
			files = (
				E49570C41ECE8C3D000B4787 /* StoreKit.framework in Frameworks */,
			);
			runOnlyForDeploymentPostprocessing = 0;
		};
/* End PBXFrameworksBuildPhase section */

/* Begin PBXGroup section */
		E436F7D51EC8F3B1007246D9 = {
			isa = PBXGroup;
			children = (
				E436F7E01EC8F3B1007246D9 /* FidgetSpinner */,
				E436F7DF1EC8F3B1007246D9 /* Products */,
				E49570C21ECE8C3D000B4787 /* Frameworks */,
			);
			sourceTree = "<group>";
		};
		E436F7DF1EC8F3B1007246D9 /* Products */ = {
			isa = PBXGroup;
			children = (
				E436F7DE1EC8F3B1007246D9 /* FidgetSpinner.app */,
			);
			name = Products;
			sourceTree = "<group>";
		};
		E436F7E01EC8F3B1007246D9 /* FidgetSpinner */ = {
			isa = PBXGroup;
			children = (
				E436F7E11EC8F3B1007246D9 /* AppDelegate.swift */,
				E436F7E31EC8F3B1007246D9 /* GameScene.sks */,
				E436F7E51EC8F3B1007246D9 /* Actions.sks */,
				E436F7E71EC8F3B1007246D9 /* GameScene.swift */,
				E49B57B21EC954E80065C718 /* Assets.xcassets */,
				E436F7E91EC8F3B1007246D9 /* GameViewController.swift */,
				E436F7EB1EC8F3B1007246D9 /* Main.storyboard */,
				E436F7F01EC8F3B1007246D9 /* LaunchScreen.storyboard */,
				E436F7F31EC8F3B2007246D9 /* Info.plist */,
			);
			path = FidgetSpinner;
			sourceTree = "<group>";
		};
		E49570C21ECE8C3D000B4787 /* Frameworks */ = {
			isa = PBXGroup;
			children = (
				E49570C31ECE8C3D000B4787 /* StoreKit.framework */,
			);
			name = Frameworks;
			sourceTree = "<group>";
		};
/* End PBXGroup section */

/* Begin PBXNativeTarget section */
		E436F7DD1EC8F3B1007246D9 /* FidgetSpinner */ = {
			isa = PBXNativeTarget;
			buildConfigurationList = E436F7F61EC8F3B2007246D9 /* Build configuration list for PBXNativeTarget "FidgetSpinner" */;
			buildPhases = (
				E436F7DA1EC8F3B1007246D9 /* Sources */,
				E436F7DB1EC8F3B1007246D9 /* Frameworks */,
				E436F7DC1EC8F3B1007246D9 /* Resources */,
			);
			buildRules = (
			);
			dependencies = (
			);
			name = FidgetSpinner;
			productName = FidgetSpinner;
			productReference = E436F7DE1EC8F3B1007246D9 /* FidgetSpinner.app */;
			productType = "com.apple.product-type.application";
		};
/* End PBXNativeTarget section */

/* Begin PBXProject section */
		E436F7D61EC8F3B1007246D9 /* Project object */ = {
			isa = PBXProject;
			attributes = {
				LastSwiftUpdateCheck = 0830;
				LastUpgradeCheck = 0830;
				ORGANIZATIONNAME = "Arvind Balaji";
				TargetAttributes = {
					E436F7DD1EC8F3B1007246D9 = {
						CreatedOnToolsVersion = 8.3.2;
						DevelopmentTeam = M58EM77GL8;
						ProvisioningStyle = Automatic;
						SystemCapabilities = {
							com.apple.InAppPurchase = {
								enabled = 1;
							};
						};
					};
				};
			};
			buildConfigurationList = E436F7D91EC8F3B1007246D9 /* Build configuration list for PBXProject "FidgetSpinner" */;
			compatibilityVersion = "Xcode 3.2";
			developmentRegion = English;
			hasScannedForEncodings = 0;
			knownRegions = (
				en,
				Base,
			);
			mainGroup = E436F7D51EC8F3B1007246D9;
			productRefGroup = E436F7DF1EC8F3B1007246D9 /* Products */;
			projectDirPath = "";
			projectRoot = "";
			targets = (
				E436F7DD1EC8F3B1007246D9 /* FidgetSpinner */,
			);
		};
/* End PBXProject section */

/* Begin PBXResourcesBuildPhase section */
		E436F7DC1EC8F3B1007246D9 /* Resources */ = {
			isa = PBXResourcesBuildPhase;
			buildActionMask = 2147483647;
			files = (
				E436F7ED1EC8F3B1007246D9 /* Main.storyboard in Resources */,
				E436F7E41EC8F3B1007246D9 /* GameScene.sks in Resources */,
				E436F7F21EC8F3B1007246D9 /* LaunchScreen.storyboard in Resources */,
				E49B57B31EC954E80065C718 /* Assets.xcassets in Resources */,
				E436F7E61EC8F3B1007246D9 /* Actions.sks in Resources */,
			);
			runOnlyForDeploymentPostprocessing = 0;
		};
/* End PBXResourcesBuildPhase section */

/* Begin PBXSourcesBuildPhase section */
		E436F7DA1EC8F3B1007246D9 /* Sources */ = {
			isa = PBXSourcesBuildPhase;
			buildActionMask = 2147483647;
			files = (
				E436F7E81EC8F3B1007246D9 /* GameScene.swift in Sources */,
				E436F7EA1EC8F3B1007246D9 /* GameViewController.swift in Sources */,
				E436F7E21EC8F3B1007246D9 /* AppDelegate.swift in Sources */,
			);
			runOnlyForDeploymentPostprocessing = 0;
		};
/* End PBXSourcesBuildPhase section */

/* Begin PBXVariantGroup section */
		E436F7EB1EC8F3B1007246D9 /* Main.storyboard */ = {
			isa = PBXVariantGroup;
			children = (
				E436F7EC1EC8F3B1007246D9 /* Base */,
			);
			name = Main.storyboard;
			sourceTree = "<group>";
		};
		E436F7F01EC8F3B1007246D9 /* LaunchScreen.storyboard */ = {
			isa = PBXVariantGroup;
			children = (
				E436F7F11EC8F3B1007246D9 /* Base */,
			);
			name = LaunchScreen.storyboard;
			sourceTree = "<group>";
		};
/* End PBXVariantGroup section */

/* Begin XCBuildConfiguration section */
		E436F7F41EC8F3B2007246D9 /* Debug */ = {
			isa = XCBuildConfiguration;
			buildSettings = {
				ALWAYS_SEARCH_USER_PATHS = NO;
				CLANG_ANALYZER_NONNULL = YES;
				CLANG_ANALYZER_NUMBER_OBJECT_CONVERSION = YES_AGGRESSIVE;
				CLANG_CXX_LANGUAGE_STANDARD = "gnu++0x";
				CLANG_CXX_LIBRARY = "libc++";
				CLANG_ENABLE_MODULES = YES;
				CLANG_ENABLE_OBJC_ARC = YES;
				CLANG_WARN_BOOL_CONVERSION = YES;
				CLANG_WARN_CONSTANT_CONVERSION = YES;
				CLANG_WARN_DIRECT_OBJC_ISA_USAGE = YES_ERROR;
				CLANG_WARN_DOCUMENTATION_COMMENTS = YES;
				CLANG_WARN_EMPTY_BODY = YES;
				CLANG_WARN_ENUM_CONVERSION = YES;
				CLANG_WARN_INFINITE_RECURSION = YES;
				CLANG_WARN_INT_CONVERSION = YES;
				CLANG_WARN_OBJC_ROOT_CLASS = YES_ERROR;
				CLANG_WARN_SUSPICIOUS_MOVE = YES;
				CLANG_WARN_UNREACHABLE_CODE = YES;
				CLANG_WARN__DUPLICATE_METHOD_MATCH = YES;
				"CODE_SIGN_IDENTITY[sdk=iphoneos*]" = "iPhone Developer";
				COPY_PHASE_STRIP = NO;
				DEBUG_INFORMATION_FORMAT = dwarf;
				ENABLE_STRICT_OBJC_MSGSEND = YES;
				ENABLE_TESTABILITY = YES;
				GCC_C_LANGUAGE_STANDARD = gnu99;
				GCC_DYNAMIC_NO_PIC = NO;
				GCC_NO_COMMON_BLOCKS = YES;
				GCC_OPTIMIZATION_LEVEL = 0;
				GCC_PREPROCESSOR_DEFINITIONS = (
					"DEBUG=1",
					"$(inherited)",
				);
				GCC_WARN_64_TO_32_BIT_CONVERSION = YES;
				GCC_WARN_ABOUT_RETURN_TYPE = YES_ERROR;
				GCC_WARN_UNDECLARED_SELECTOR = YES;
				GCC_WARN_UNINITIALIZED_AUTOS = YES_AGGRESSIVE;
				GCC_WARN_UNUSED_FUNCTION = YES;
				GCC_WARN_UNUSED_VARIABLE = YES;
				IPHONEOS_DEPLOYMENT_TARGET = 10.3;
				MTL_ENABLE_DEBUG_INFO = YES;
				ONLY_ACTIVE_ARCH = YES;
				SDKROOT = iphoneos;
				SWIFT_ACTIVE_COMPILATION_CONDITIONS = DEBUG;
				SWIFT_OPTIMIZATION_LEVEL = "-Onone";
				TARGETED_DEVICE_FAMILY = "1,2";
			};
			name = Debug;
		};
		E436F7F51EC8F3B2007246D9 /* Release */ = {
			isa = XCBuildConfiguration;
			buildSettings = {
				ALWAYS_SEARCH_USER_PATHS = NO;
				CLANG_ANALYZER_NONNULL = YES;
				CLANG_ANALYZER_NUMBER_OBJECT_CONVERSION = YES_AGGRESSIVE;
				CLANG_CXX_LANGUAGE_STANDARD = "gnu++0x";
				CLANG_CXX_LIBRARY = "libc++";
				CLANG_ENABLE_MODULES = YES;
				CLANG_ENABLE_OBJC_ARC = YES;
				CLANG_WARN_BOOL_CONVERSION = YES;
				CLANG_WARN_CONSTANT_CONVERSION = YES;
				CLANG_WARN_DIRECT_OBJC_ISA_USAGE = YES_ERROR;
				CLANG_WARN_DOCUMENTATION_COMMENTS = YES;
				CLANG_WARN_EMPTY_BODY = YES;
				CLANG_WARN_ENUM_CONVERSION = YES;
				CLANG_WARN_INFINITE_RECURSION = YES;
				CLANG_WARN_INT_CONVERSION = YES;
				CLANG_WARN_OBJC_ROOT_CLASS = YES_ERROR;
				CLANG_WARN_SUSPICIOUS_MOVE = YES;
				CLANG_WARN_UNREACHABLE_CODE = YES;
				CLANG_WARN__DUPLICATE_METHOD_MATCH = YES;
				"CODE_SIGN_IDENTITY[sdk=iphoneos*]" = "iPhone Developer";
				COPY_PHASE_STRIP = NO;
				DEBUG_INFORMATION_FORMAT = "dwarf-with-dsym";
				ENABLE_NS_ASSERTIONS = NO;
				ENABLE_STRICT_OBJC_MSGSEND = YES;
				GCC_C_LANGUAGE_STANDARD = gnu99;
				GCC_NO_COMMON_BLOCKS = YES;
				GCC_WARN_64_TO_32_BIT_CONVERSION = YES;
				GCC_WARN_ABOUT_RETURN_TYPE = YES_ERROR;
				GCC_WARN_UNDECLARED_SELECTOR = YES;
				GCC_WARN_UNINITIALIZED_AUTOS = YES_AGGRESSIVE;
				GCC_WARN_UNUSED_FUNCTION = YES;
				GCC_WARN_UNUSED_VARIABLE = YES;
				IPHONEOS_DEPLOYMENT_TARGET = 10.3;
				MTL_ENABLE_DEBUG_INFO = NO;
				SDKROOT = iphoneos;
				SWIFT_OPTIMIZATION_LEVEL = "-Owholemodule";
				TARGETED_DEVICE_FAMILY = "1,2";
				VALIDATE_PRODUCT = YES;
			};
			name = Release;
		};
		E436F7F71EC8F3B2007246D9 /* Debug */ = {
			isa = XCBuildConfiguration;
			buildSettings = {
				ASSETCATALOG_COMPILER_APPICON_NAME = AppIcon;
				DEVELOPMENT_TEAM = M58EM77GL8;
				INFOPLIST_FILE = FidgetSpinner/Info.plist;
				IPHONEOS_DEPLOYMENT_TARGET = 10.0;
				LD_RUNPATH_SEARCH_PATHS = "$(inherited) @executable_path/Frameworks";
				PRODUCT_BUNDLE_IDENTIFIER = net.tejastech.spidgetfinner;
				PRODUCT_NAME = "$(TARGET_NAME)";
				SWIFT_VERSION = 3.0;
				TARGETED_DEVICE_FAMILY = 1;
			};
			name = Debug;
		};
		E436F7F81EC8F3B2007246D9 /* Release */ = {
			isa = XCBuildConfiguration;
			buildSettings = {
				ASSETCATALOG_COMPILER_APPICON_NAME = AppIcon;
				DEVELOPMENT_TEAM = M58EM77GL8;
				INFOPLIST_FILE = FidgetSpinner/Info.plist;
				IPHONEOS_DEPLOYMENT_TARGET = 10.0;
				LD_RUNPATH_SEARCH_PATHS = "$(inherited) @executable_path/Frameworks";
				PRODUCT_BUNDLE_IDENTIFIER = net.tejastech.spidgetfinner;
				PRODUCT_NAME = "$(TARGET_NAME)";
				SWIFT_VERSION = 3.0;
				TARGETED_DEVICE_FAMILY = 1;
			};
			name = Release;
		};
/* End XCBuildConfiguration section */

/* Begin XCConfigurationList section */
		E436F7D91EC8F3B1007246D9 /* Build configuration list for PBXProject "FidgetSpinner" */ = {
			isa = XCConfigurationList;
			buildConfigurations = (
				E436F7F41EC8F3B2007246D9 /* Debug */,
				E436F7F51EC8F3B2007246D9 /* Release */,
			);
			defaultConfigurationIsVisible = 0;
			defaultConfigurationName = Release;
		};
		E436F7F61EC8F3B2007246D9 /* Build configuration list for PBXNativeTarget "FidgetSpinner" */ = {
			isa = XCConfigurationList;
			buildConfigurations = (
				E436F7F71EC8F3B2007246D9 /* Debug */,
				E436F7F81EC8F3B2007246D9 /* Release */,
			);
			defaultConfigurationIsVisible = 0;
			defaultConfigurationName = Release;
		};
/* End XCConfigurationList section */
	};
	rootObject = E436F7D61EC8F3B1007246D9 /* Project object */;
}
